
Microsoft Visual Studio Solution File, Format Version 12.00
# Visual Studio Version 17
VisualStudioVersion = 17.1.32421.90
MinimumVisualStudioVersion = 10.0.40219.1
Project("{9A19103F-16F7-4668-BE54-9A1E7A4F7556}") = "Reservas.Server", "Reservas\Server\Reservas.Server.csproj", "{18E78189-473F-44EA-8D5E-ADC525E871DE}"
EndProject
Project("{9A19103F-16F7-4668-BE54-9A1E7A4F7556}") = "Reservas.Client", "Reservas\Client\Reservas.Client.csproj", "{4ACEFE14-B4B8-4E06-9706-B51DA207D3D6}"
EndProject
Project("{9A19103F-16F7-4668-BE54-9A1E7A4F7556}") = "Reservas.Shared", "Reservas\Shared\Reservas.Shared.csproj", "{D076C418-7C15-4DFB-9D76-9F620FD5D353}"
EndProject
Project("{9A19103F-16F7-4668-BE54-9A1E7A4F7556}") = "Reservas.BD", "Reservas.Data\Reservas.BD.csproj", "{ECCDFCAE-DB90-419D-949E-51175DA3E600}"
EndProject
Global
	GlobalSection(SolutionConfigurationPlatforms) = preSolution
		Debug|Any CPU = Debug|Any CPU
		Release|Any CPU = Release|Any CPU
	EndGlobalSection
	GlobalSection(ProjectConfigurationPlatforms) = postSolution
		{18E78189-473F-44EA-8D5E-ADC525E871DE}.Debug|Any CPU.ActiveCfg = Debug|Any CPU
		{18E78189-473F-44EA-8D5E-ADC525E871DE}.Debug|Any CPU.Build.0 = Debug|Any CPU
		{18E78189-473F-44EA-8D5E-ADC525E871DE}.Release|Any CPU.ActiveCfg = Release|Any CPU
		{18E78189-473F-44EA-8D5E-ADC525E871DE}.Release|Any CPU.Build.0 = Release|Any CPU
		{4ACEFE14-B4B8-4E06-9706-B51DA207D3D6}.Debug|Any CPU.ActiveCfg = Debug|Any CPU
		{4ACEFE14-B4B8-4E06-9706-B51DA207D3D6}.Debug|Any CPU.Build.0 = Debug|Any CPU
		{4ACEFE14-B4B8-4E06-9706-B51DA207D3D6}.Release|Any CPU.ActiveCfg = Release|Any CPU
		{4ACEFE14-B4B8-4E06-9706-B51DA207D3D6}.Release|Any CPU.Build.0 = Release|Any CPU
		{D076C418-7C15-4DFB-9D76-9F620FD5D353}.Debug|Any CPU.ActiveCfg = Debug|Any CPU
		{D076C418-7C15-4DFB-9D76-9F620FD5D353}.Debug|Any CPU.Build.0 = Debug|Any CPU
		{D076C418-7C15-4DFB-9D76-9F620FD5D353}.Release|Any CPU.ActiveCfg = Release|Any CPU
		{D076C418-7C15-4DFB-9D76-9F620FD5D353}.Release|Any CPU.Build.0 = Release|Any CPU
		{ECCDFCAE-DB90-419D-949E-51175DA3E600}.Debug|Any CPU.ActiveCfg = Debug|Any CPU
		{ECCDFCAE-DB90-419D-949E-51175DA3E600}.Debug|Any CPU.Build.0 = Debug|Any CPU
		{ECCDFCAE-DB90-419D-949E-51175DA3E600}.Release|Any CPU.ActiveCfg = Release|Any CPU
		{ECCDFCAE-DB90-419D-949E-51175DA3E600}.Release|Any CPU.Build.0 = Release|Any CPU
	EndGlobalSection
	GlobalSection(SolutionProperties) = preSolution
		HideSolutionNode = FALSE
	EndGlobalSection
	GlobalSection(ExtensibilityGlobals) = postSolution
		SolutionGuid = {58C02585-1B64-4223-AA91-AA5F025B2441}
	EndGlobalSection
EndGlobal
